// !$*UTF8*$!
{
	archiveVersion = 1;
	classes = {
	};
	objectVersion = 46;
	objects = {

/* Begin PBXBuildFile section */
		F117E5B41C98892E00F97E3D /* GIFTagFlowLayout.h in Headers */ = {isa = PBXBuildFile; fileRef = F117E5B31C98892E00F97E3D /* GIFTagFlowLayout.h */; settings = {ATTRIBUTES = (Public, ); }; };
		F117E5C01C9889E100F97E3D /* TagCell.xib in Resources */ = {isa = PBXBuildFile; fileRef = F117E5BB1C9889E100F97E3D /* TagCell.xib */; };
		F117E5C11C9889E100F97E3D /* TagCell.h in Headers */ = {isa = PBXBuildFile; fileRef = F117E5BC1C9889E100F97E3D /* TagCell.h */; };
		F117E5C21C9889E100F97E3D /* TagCell.m in Sources */ = {isa = PBXBuildFile; fileRef = F117E5BD1C9889E100F97E3D /* TagCell.m */; };
		F117E5C31C9889E100F97E3D /* GIFTagLayout.h in Headers */ = {isa = PBXBuildFile; fileRef = F117E5BE1C9889E100F97E3D /* GIFTagLayout.h */; };
		F117E5C41C9889E100F97E3D /* GIFTagLayout.m in Sources */ = {isa = PBXBuildFile; fileRef = F117E5BF1C9889E100F97E3D /* GIFTagLayout.m */; };
/* End PBXBuildFile section */

/* Begin PBXFileReference section */
		F117E5B01C98892E00F97E3D /* GIFTagFlowLayout.framework */ = {isa = PBXFileReference; explicitFileType = wrapper.framework; includeInIndex = 0; path = GIFTagFlowLayout.framework; sourceTree = BUILT_PRODUCTS_DIR; };
		F117E5B31C98892E00F97E3D /* GIFTagFlowLayout.h */ = {isa = PBXFileReference; lastKnownFileType = sourcecode.c.h; path = GIFTagFlowLayout.h; sourceTree = "<group>"; };
		F117E5B51C98892E00F97E3D /* Info.plist */ = {isa = PBXFileReference; lastKnownFileType = text.plist.xml; path = Info.plist; sourceTree = "<group>"; };
		F117E5BB1C9889E100F97E3D /* TagCell.xib */ = {isa = PBXFileReference; fileEncoding = 4; lastKnownFileType = file.xib; path = TagCell.xib; sourceTree = "<group>"; };
		F117E5BC1C9889E100F97E3D /* TagCell.h */ = {isa = PBXFileReference; fileEncoding = 4; lastKnownFileType = sourcecode.c.h; path = TagCell.h; sourceTree = "<group>"; };
		F117E5BD1C9889E100F97E3D /* TagCell.m */ = {isa = PBXFileReference; fileEncoding = 4; lastKnownFileType = sourcecode.c.objc; path = TagCell.m; sourceTree = "<group>"; };
		F117E5BE1C9889E100F97E3D /* GIFTagLayout.h */ = {isa = PBXFileReference; fileEncoding = 4; lastKnownFileType = sourcecode.c.h; path = GIFTagLayout.h; sourceTree = "<group>"; };
		F117E5BF1C9889E100F97E3D /* GIFTagLayout.m */ = {isa = PBXFileReference; fileEncoding = 4; lastKnownFileType = sourcecode.c.objc; path = GIFTagLayout.m; sourceTree = "<group>"; };
/* End PBXFileReference section */

/* Begin PBXFrameworksBuildPhase section */
		F117E5AC1C98892E00F97E3D /* Frameworks */ = {
			isa = PBXFrameworksBuildPhase;
			buildActionMask = 2147483647;
			files = (
			);
			runOnlyForDeploymentPostprocessing = 0;
		};
/* End PBXFrameworksBuildPhase section */

/* Begin PBXGroup section */
		F117E5A61C98892E00F97E3D = {
			isa = PBXGroup;
			children = (
				F117E5B21C98892E00F97E3D /* GIFTagFlowLayout */,
				F117E5B11C98892E00F97E3D /* Products */,
			);
			sourceTree = "<group>";
		};
		F117E5B11C98892E00F97E3D /* Products */ = {
			isa = PBXGroup;
			children = (
				F117E5B01C98892E00F97E3D /* GIFTagFlowLayout.framework */,
			);
			name = Products;
			sourceTree = "<group>";
		};
		F117E5B21C98892E00F97E3D /* GIFTagFlowLayout */ = {
			isa = PBXGroup;
			children = (
				F117E5BB1C9889E100F97E3D /* TagCell.xib */,
				F117E5BC1C9889E100F97E3D /* TagCell.h */,
				F117E5BD1C9889E100F97E3D /* TagCell.m */,
				F117E5BE1C9889E100F97E3D /* GIFTagLayout.h */,
				F117E5BF1C9889E100F97E3D /* GIFTagLayout.m */,
				F117E5B31C98892E00F97E3D /* GIFTagFlowLayout.h */,
				F117E5B51C98892E00F97E3D /* Info.plist */,
			);
			path = GIFTagFlowLayout;
			sourceTree = "<group>";
		};
/* End PBXGroup section */

/* Begin PBXHeadersBuildPhase section */
		F117E5AD1C98892E00F97E3D /* Headers */ = {
			isa = PBXHeadersBuildPhase;
			buildActionMask = 2147483647;
			files = (
				F117E5B41C98892E00F97E3D /* GIFTagFlowLayout.h in Headers */,
				F117E5C11C9889E100F97E3D /* TagCell.h in Headers */,
				F117E5C31C9889E100F97E3D /* GIFTagLayout.h in Headers */,
			);
			runOnlyForDeploymentPostprocessing = 0;
		};
/* End PBXHeadersBuildPhase section */

/* Begin PBXNativeTarget section */
		F117E5AF1C98892E00F97E3D /* GIFTagFlowLayout */ = {
			isa = PBXNativeTarget;
			buildConfigurationList = F117E5B81C98892E00F97E3D /* Build configuration list for PBXNativeTarget "GIFTagFlowLayout" */;
			buildPhases = (
				F117E5AB1C98892E00F97E3D /* Sources */,
				F117E5AC1C98892E00F97E3D /* Frameworks */,
				F117E5AD1C98892E00F97E3D /* Headers */,
				F117E5AE1C98892E00F97E3D /* Resources */,
			);
			buildRules = (
			);
			dependencies = (
			);
			name = GIFTagFlowLayout;
			productName = GIFTagFlowLayout;
			productReference = F117E5B01C98892E00F97E3D /* GIFTagFlowLayout.framework */;
			productType = "com.apple.product-type.framework";
		};
/* End PBXNativeTarget section */

/* Begin PBXProject section */
		F117E5A71C98892E00F97E3D /* Project object */ = {
			isa = PBXProject;
			attributes = {
				LastUpgradeCheck = 0720;
				ORGANIZATIONNAME = gifit;
				TargetAttributes = {
					F117E5AF1C98892E00F97E3D = {
						CreatedOnToolsVersion = 7.2;
					};
				};
			};
			buildConfigurationList = F117E5AA1C98892E00F97E3D /* Build configuration list for PBXProject "GIFTagFlowLayout" */;
			compatibilityVersion = "Xcode 3.2";
			developmentRegion = English;
			hasScannedForEncodings = 0;
			knownRegions = (
				en,
			);
			mainGroup = F117E5A61C98892E00F97E3D;
			productRefGroup = F117E5B11C98892E00F97E3D /* Products */;
			projectDirPath = "";
			projectRoot = "";
			targets = (
				F117E5AF1C98892E00F97E3D /* GIFTagFlowLayout */,
			);
		};
/* End PBXProject section */

/* Begin PBXResourcesBuildPhase section */
		F117E5AE1C98892E00F97E3D /* Resources */ = {
			isa = PBXResourcesBuildPhase;
			buildActionMask = 2147483647;
			files = (
				F117E5C01C9889E100F97E3D /* TagCell.xib in Resources */,
			);
			runOnlyForDeploymentPostprocessing = 0;
		};
/* End PBXResourcesBuildPhase section */

/* Begin PBXSourcesBuildPhase section */
		F117E5AB1C98892E00F97E3D /* Sources */ = {
			isa = PBXSourcesBuildPhase;
			buildActionMask = 2147483647;
			files = (
				F117E5C21C9889E100F97E3D /* TagCell.m in Sources */,
				F117E5C41C9889E100F97E3D /* GIFTagLayout.m in Sources */,
			);
			runOnlyForDeploymentPostprocessing = 0;
		};
/* End PBXSourcesBuildPhase section */

/* Begin XCBuildConfiguration section */
		F117E5B61C98892E00F97E3D /* Debug */ = {
			isa = XCBuildConfiguration;
			buildSettings = {
				ALWAYS_SEARCH_USER_PATHS = NO;
				CLANG_CXX_LANGUAGE_STANDARD = "gnu++0x";
				CLANG_CXX_LIBRARY = "libc++";
				CLANG_ENABLE_MODULES = YES;
				CLANG_ENABLE_OBJC_ARC = YES;
				CLANG_WARN_BOOL_CONVERSION = YES;
				CLANG_WARN_CONSTANT_CONVERSION = YES;
				CLANG_WARN_DIRECT_OBJC_ISA_USAGE = YES_ERROR;
				CLANG_WARN_EMPTY_BODY = YES;
				CLANG_WARN_ENUM_CONVERSION = YES;
				CLANG_WARN_INT_CONVERSION = YES;
				CLANG_WARN_OBJC_ROOT_CLASS = YES_ERROR;
				CLANG_WARN_UNREACHABLE_CODE = YES;
				CLANG_WARN__DUPLICATE_METHOD_MATCH = YES;
				"CODE_SIGN_IDENTITY[sdk=iphoneos*]" = "iPhone Developer";
				COPY_PHASE_STRIP = NO;
				CURRENT_PROJECT_VERSION = 1;
				DEBUG_INFORMATION_FORMAT = dwarf;
				ENABLE_STRICT_OBJC_MSGSEND = YES;
				ENABLE_TESTABILITY = YES;
				GCC_C_LANGUAGE_STANDARD = gnu99;
				GCC_DYNAMIC_NO_PIC = NO;
				GCC_NO_COMMON_BLOCKS = YES;
				GCC_OPTIMIZATION_LEVEL = 0;
				GCC_PREPROCESSOR_DEFINITIONS = (
					"DEBUG=1",
					"$(inherited)",
				);
				GCC_WARN_64_TO_32_BIT_CONVERSION = YES;
				GCC_WARN_ABOUT_RETURN_TYPE = YES_ERROR;
				GCC_WARN_UNDECLARED_SELECTOR = YES;
				GCC_WARN_UNINITIALIZED_AUTOS = YES_AGGRESSIVE;
				GCC_WARN_UNUSED_FUNCTION = YES;
				GCC_WARN_UNUSED_VARIABLE = YES;
				IPHONEOS_DEPLOYMENT_TARGET = 9.2;
				MTL_ENABLE_DEBUG_INFO = YES;
				ONLY_ACTIVE_ARCH = YES;
				SDKROOT = iphoneos;
				TARGETED_DEVICE_FAMILY = "1,2";
				VERSIONING_SYSTEM = "apple-generic";
				VERSION_INFO_PREFIX = "";
			};
			name = Debug;
		};
		F117E5B71C98892E00F97E3D /* Release */ = {
			isa = XCBuildConfiguration;
			buildSettings = {
				ALWAYS_SEARCH_USER_PATHS = NO;
				CLANG_CXX_LANGUAGE_STANDARD = "gnu++0x";
				CLANG_CXX_LIBRARY = "libc++";
				CLANG_ENABLE_MODULES = YES;
				CLANG_ENABLE_OBJC_ARC = YES;
				CLANG_WARN_BOOL_CONVERSION = YES;
				CLANG_WARN_CONSTANT_CONVERSION = YES;
				CLANG_WARN_DIRECT_OBJC_ISA_USAGE = YES_ERROR;
				CLANG_WARN_EMPTY_BODY = YES;
				CLANG_WARN_ENUM_CONVERSION = YES;
				CLANG_WARN_INT_CONVERSION = YES;
				CLANG_WARN_OBJC_ROOT_CLASS = YES_ERROR;
				CLANG_WARN_UNREACHABLE_CODE = YES;
				CLANG_WARN__DUPLICATE_METHOD_MATCH = YES;
				"CODE_SIGN_IDENTITY[sdk=iphoneos*]" = "iPhone Developer";
				COPY_PHASE_STRIP = NO;
				CURRENT_PROJECT_VERSION = 1;
				DEBUG_INFORMATION_FORMAT = "dwarf-with-dsym";
				ENABLE_NS_ASSERTIONS = NO;
				ENABLE_STRICT_OBJC_MSGSEND = YES;
				GCC_C_LANGUAGE_STANDARD = gnu99;
				GCC_NO_COMMON_BLOCKS = YES;
				GCC_WARN_64_TO_32_BIT_CONVERSION = YES;
				GCC_WARN_ABOUT_RETURN_TYPE = YES_ERROR;
				GCC_WARN_UNDECLARED_SELECTOR = YES;
				GCC_WARN_UNINITIALIZED_AUTOS = YES_AGGRESSIVE;
				GCC_WARN_UNUSED_FUNCTION = YES;
				GCC_WARN_UNUSED_VARIABLE = YES;
				IPHONEOS_DEPLOYMENT_TARGET = 9.2;
				MTL_ENABLE_DEBUG_INFO = NO;
				SDKROOT = iphoneos;
				TARGETED_DEVICE_FAMILY = "1,2";
				VALIDATE_PRODUCT = YES;
				VERSIONING_SYSTEM = "apple-generic";
				VERSION_INFO_PREFIX = "";
			};
			name = Release;
		};
		F117E5B91C98892E00F97E3D /* Debug */ = {
			isa = XCBuildConfiguration;
			buildSettings = {
				DEFINES_MODULE = YES;
				DYLIB_COMPATIBILITY_VERSION = 1;
				DYLIB_CURRENT_VERSION = 1;
				DYLIB_INSTALL_NAME_BASE = "@rpath";
				INFOPLIST_FILE = GIFTagFlowLayout/Info.plist;
				INSTALL_PATH = "$(LOCAL_LIBRARY_DIR)/Frameworks";
				LD_RUNPATH_SEARCH_PATHS = "$(inherited) @executable_path/Frameworks @loader_path/Frameworks";
				PRODUCT_BUNDLE_IDENTIFIER = us.gifit.GIFTagFlowLayout;
				PRODUCT_NAME = "$(TARGET_NAME)";
				SKIP_INSTALL = YES;
			};
			name = Debug;
		};
		F117E5BA1C98892E00F97E3D /* Release */ = {
			isa = XCBuildConfiguration;
			buildSettings = {
				DEFINES_MODULE = YES;
				DYLIB_COMPATIBILITY_VERSION = 1;
				DYLIB_CURRENT_VERSION = 1;
				DYLIB_INSTALL_NAME_BASE = "@rpath";
				INFOPLIST_FILE = GIFTagFlowLayout/Info.plist;
				INSTALL_PATH = "$(LOCAL_LIBRARY_DIR)/Frameworks";
				LD_RUNPATH_SEARCH_PATHS = "$(inherited) @executable_path/Frameworks @loader_path/Frameworks";
				PRODUCT_BUNDLE_IDENTIFIER = us.gifit.GIFTagFlowLayout;
				PRODUCT_NAME = "$(TARGET_NAME)";
				SKIP_INSTALL = YES;
			};
			name = Release;
		};
/* End XCBuildConfiguration section */

/* Begin XCConfigurationList section */
		F117E5AA1C98892E00F97E3D /* Build configuration list for PBXProject "GIFTagFlowLayout" */ = {
			isa = XCConfigurationList;
			buildConfigurations = (
				F117E5B61C98892E00F97E3D /* Debug */,
				F117E5B71C98892E00F97E3D /* Release */,
			);
			defaultConfigurationIsVisible = 0;
			defaultConfigurationName = Release;
		};
		F117E5B81C98892E00F97E3D /* Build configuration list for PBXNativeTarget "GIFTagFlowLayout" */ = {
			isa = XCConfigurationList;
			buildConfigurations = (
				F117E5B91C98892E00F97E3D /* Debug */,
				F117E5BA1C98892E00F97E3D /* Release */,
			);
			defaultConfigurationIsVisible = 0;
		};
/* End XCConfigurationList section */
	};
	rootObject = F117E5A71C98892E00F97E3D /* Project object */;
}
